# This file is autogenerated, do not edit; changes may be undone by the next 'dep ensure'.


[[projects]]
  branch = "master"
  name = "github.com/aws/aws-lambda-go"
  packages = [
    "events",
    "lambda",
    "lambda/messages",
    "lambdacontext"
  ]
  revision = "3574a030467ca312f135e64a4a1bf293a216febd"

[solve-meta]
  analyzer-name = "dep"
  analyzer-version = 1
  inputs-digest = "c9eacef813550a26b5fbace219e45cf19192c793b8a869e667e78c3ba76bbcee"
  solver-name = "gps-cdcl"
  solver-version = 1
